
Microsoft Visual Studio Solution File, Format Version 12.00
# Visual Studio Version 16
VisualStudioVersion = 16.0.29709.97
MinimumVisualStudioVersion = 10.0.40219.1
Project("{9A19103F-16F7-4668-BE54-9A1E7A4F7556}") = "Aocl", "Aocl\Aocl.csproj", "{CFAE14EA-20B4-47FD-9B8B-5153918395A5}"
EndProject
Project("{9A19103F-16F7-4668-BE54-9A1E7A4F7556}") = "Aocl.Tests", "Aocl.Tests\Aocl.Tests.csproj", "{76D85DD9-DBB0-4EF3-8F62-9A92043DA1D6}"
EndProject
Global
	GlobalSection(SolutionConfigurationPlatforms) = preSolution
		Debug|Any CPU = Debug|Any CPU
		Release|Any CPU = Release|Any CPU
	EndGlobalSection
	GlobalSection(ProjectConfigurationPlatforms) = postSolution
		{CFAE14EA-20B4-47FD-9B8B-5153918395A5}.Debug|Any CPU.ActiveCfg = Debug|Any CPU
		{CFAE14EA-20B4-47FD-9B8B-5153918395A5}.Debug|Any CPU.Build.0 = Debug|Any CPU
		{CFAE14EA-20B4-47FD-9B8B-5153918395A5}.Release|Any CPU.ActiveCfg = Release|Any CPU
		{CFAE14EA-20B4-47FD-9B8B-5153918395A5}.Release|Any CPU.Build.0 = Release|Any CPU
		{76D85DD9-DBB0-4EF3-8F62-9A92043DA1D6}.Debug|Any CPU.ActiveCfg = Debug|Any CPU
		{76D85DD9-DBB0-4EF3-8F62-9A92043DA1D6}.Debug|Any CPU.Build.0 = Debug|Any CPU
		{76D85DD9-DBB0-4EF3-8F62-9A92043DA1D6}.Release|Any CPU.ActiveCfg = Release|Any CPU
		{76D85DD9-DBB0-4EF3-8F62-9A92043DA1D6}.Release|Any CPU.Build.0 = Release|Any CPU
	EndGlobalSection
	GlobalSection(SolutionProperties) = preSolution
		HideSolutionNode = FALSE
	EndGlobalSection
	GlobalSection(ExtensibilityGlobals) = postSolution
		SolutionGuid = {5EE62E66-536A-4782-A942-79B9479D6D47}
	EndGlobalSection
EndGlobal
